PODS:
  - android_intent (0.0.1):
    - Flutter
  - clipboard (0.0.1):
    - Flutter
  - connectivity (0.0.1):
    - Flutter
    - Reachability
  - dsBridge (3.0.2)
  - Flutter (1.0.0)
  - flutter_dlan (0.0.1):
    - Flutter
  - FMDB (2.7.2):
    - FMDB/standard (= 2.7.2)
  - FMDB/standard (2.7.2)
  - loading (0.0.1):
    - Flutter
    - MBProgressHUD
  - MBProgressHUD (1.1.0)
  - package_info (0.0.1):
    - Flutter
  - path_provider (0.0.1):
    - Flutter
  - Reachability (3.2)
  - share (0.5.2):
    - Flutter
  - shared_preferences (0.0.1):
    - Flutter
  - sqflite (0.0.1):
    - Flutter
    - FMDB (~> 2.7.2)
  - Toast (4.0.0)
  - toasty (0.0.1):
    - Flutter
    - Toast (~> 4.0.0)
  - tx_xg (0.0.1):
    - Flutter
  - url_launcher (0.0.1):
    - Flutter
  - video_player (0.0.1):
    - Flutter
  - webview (0.0.1):
    - dsBridge
    - Flutter

DEPENDENCIES:
  - android_intent (from `.symlinks/plugins/android_intent/ios`)
  - clipboard (from `.symlinks/plugins/clipboard/ios`)
  - connectivity (from `.symlinks/plugins/connectivity/ios`)
  - Flutter (from `.symlinks/flutter/ios-release`)
  - flutter_dlan (from `.symlinks/plugins/flutter_dlan/ios`)
  - loading (from `.symlinks/plugins/loading/ios`)
  - package_info (from `.symlinks/plugins/package_info/ios`)
  - path_provider (from `.symlinks/plugins/path_provider/ios`)
  - share (from `.symlinks/plugins/share/ios`)
  - shared_preferences (from `.symlinks/plugins/shared_preferences/ios`)
  - sqflite (from `.symlinks/plugins/sqflite/ios`)
  - toasty (from `.symlinks/plugins/toasty/ios`)
  - tx_xg (from `.symlinks/plugins/tx_xg/ios`)
  - url_launcher (from `.symlinks/plugins/url_launcher/ios`)
  - video_player (from `.symlinks/plugins/video_player/ios`)
  - webview (from `.symlinks/plugins/webview/ios`)

SPEC REPOS:
  https://github.com/cocoapods/specs.git:
    - dsBridge
    - FMDB
    - MBProgressHUD
    - Reachability
    - Toast

EXTERNAL SOURCES:
  android_intent:
    :path: ".symlinks/plugins/android_intent/ios"
  clipboard:
    :path: ".symlinks/plugins/clipboard/ios"
  connectivity:
    :path: ".symlinks/plugins/connectivity/ios"
  Flutter:
    :path: ".symlinks/flutter/ios-release"
  flutter_dlan:
    :path: ".symlinks/plugins/flutter_dlan/ios"
  loading:
    :path: ".symlinks/plugins/loading/ios"
  package_info:
    :path: ".symlinks/plugins/package_info/ios"
  path_provider:
    :path: ".symlinks/plugins/path_provider/ios"
  share:
    :path: ".symlinks/plugins/share/ios"
  shared_preferences:
    :path: ".symlinks/plugins/shared_preferences/ios"
  sqflite:
    :path: ".symlinks/plugins/sqflite/ios"
  toasty:
    :path: ".symlinks/plugins/toasty/ios"
  tx_xg:
    :path: ".symlinks/plugins/tx_xg/ios"
  url_launcher:
    :path: ".symlinks/plugins/url_launcher/ios"
  video_player:
    :path: ".symlinks/plugins/video_player/ios"
  webview:
    :path: ".symlinks/plugins/webview/ios"

SPEC CHECKSUMS:
  android_intent: 73316069cd1f6aac919df1c6e640cad190fd5e8b
  clipboard: 392483d2f3c21c6b26f75473b8fedfab31bd5a20
  connectivity: c72716e202a1225ec4810740d5cb56b8ae3bf4cc
  dsBridge: e3f0be728d736724a24503a24b7f82b17acdbb23
  Flutter: 58dd7d1b27887414a370fcccb9e645c08ffd7a6a
  flutter_dlan: 5dd3444a02e87a565e83ccbdf45e8c1e1aeb65ee
  FMDB: 6198a90e7b6900cfc046e6bc0ef6ebb7be9236aa
  loading: f5ee0be3eca657ad64ac9773663a8b93feac81dc
  MBProgressHUD: e7baa36a220447d8aeb12769bf0585582f3866d9
  package_info: 78cabb3c322943c55d39676f4a5bfc748c01d055
  path_provider: f96fff6166a8867510d2c25fdcc346327cc4b259
  Reachability: 33e18b67625424e47b6cde6d202dce689ad7af96
  share: 7d22fe8baedfe93aefd864bf0b73f29711fbb0a3
  shared_preferences: 1feebfa37bb57264736e16865e7ffae7fc99b523
  sqflite: ff1d9da63c06588cc8d1faf7256d741f16989d5a
  Toast: 91b396c56ee72a5790816f40d3a94dd357abc196
  toasty: c703ecc5612a166873c4cac2438adb6dc266afa5
  tx_xg: ae5731dd4fbb7e2112f8622b3cfa93cd761712ca
  url_launcher: 0067ddb8f10d36786672aa0722a21717dba3a298
  video_player: 3964090a33353060ed7f58aa6427c7b4b208ec21
  webview: 9e4793779050521e0fb262610f341e89ffeddb88

PODFILE CHECKSUM: 1e5af4103afd21ca5ead147d7b81d06f494f51a2

COCOAPODS: 1.6.1
